
Microsoft Visual Studio Solution File, Format Version 12.00
# Visual Studio 15
VisualStudioVersion = 15.0.27130.2024
MinimumVisualStudioVersion = 10.0.40219.1
Project("{9A19103F-16F7-4668-BE54-9A1E7A4F7556}") = "jKit.Common.UnitTests", "jKit.Common.UnitTests\jKit.Common.UnitTests.csproj", "{38BF722E-EBD4-4852-9E01-0CF6730432FE}"
EndProject
Project("{9A19103F-16F7-4668-BE54-9A1E7A4F7556}") = "jKit.Common", "jKit.Common\jKit.Common.csproj", "{1D01C9FF-09CE-4D5D-961D-2F058D633781}"
EndProject
Global
	GlobalSection(SolutionConfigurationPlatforms) = preSolution
		Debug|Any CPU = Debug|Any CPU
		Release|Any CPU = Release|Any CPU
	EndGlobalSection
	GlobalSection(ProjectConfigurationPlatforms) = postSolution
		{38BF722E-EBD4-4852-9E01-0CF6730432FE}.Debug|Any CPU.ActiveCfg = Debug|Any CPU
		{38BF722E-EBD4-4852-9E01-0CF6730432FE}.Debug|Any CPU.Build.0 = Debug|Any CPU
		{38BF722E-EBD4-4852-9E01-0CF6730432FE}.Release|Any CPU.ActiveCfg = Release|Any CPU
		{38BF722E-EBD4-4852-9E01-0CF6730432FE}.Release|Any CPU.Build.0 = Release|Any CPU
		{1D01C9FF-09CE-4D5D-961D-2F058D633781}.Debug|Any CPU.ActiveCfg = Debug|Any CPU
		{1D01C9FF-09CE-4D5D-961D-2F058D633781}.Debug|Any CPU.Build.0 = Debug|Any CPU
		{1D01C9FF-09CE-4D5D-961D-2F058D633781}.Release|Any CPU.ActiveCfg = Release|Any CPU
		{1D01C9FF-09CE-4D5D-961D-2F058D633781}.Release|Any CPU.Build.0 = Release|Any CPU
	EndGlobalSection
	GlobalSection(SolutionProperties) = preSolution
		HideSolutionNode = FALSE
	EndGlobalSection
	GlobalSection(ExtensibilityGlobals) = postSolution
		SolutionGuid = {B27EFBC9-A812-4C7A-A2B8-4518042566F2}
	EndGlobalSection
EndGlobal
